
Microsoft Visual Studio Solution File, Format Version 12.00
# Visual Studio Version 17
VisualStudioVersion = 17.5.33516.290
MinimumVisualStudioVersion = 10.0.40219.1
Project("{8BC9CEB8-8B4A-11D0-8D11-00A0C91BC942}") = "Auth Tests", "AuthTests\Auth Tests.vcxproj", "{5EDC1EC6-6177-4C6B-82C0-D3F1829CDBE4}"
EndProject
Project("{8BC9CEB8-8B4A-11D0-8D11-00A0C91BC942}") = "FirebaseLib", "FirebaseLib\FirebaseLib.vcxproj", "{7BCED1B9-9EDB-47B6-A480-8203F0A1276B}"
EndProject
Project("{9A19103F-16F7-4668-BE54-9A1E7A4F7556}") = "SWGLauncher", "SWGLauncher\SWGLauncher.csproj", "{4C04F97D-9742-4888-9333-9FF92DC04459}"
	ProjectSection(ProjectDependencies) = postProject
		{B8CD1808-24C4-4722-A172-9F052D11FCA9} = {B8CD1808-24C4-4722-A172-9F052D11FCA9}
	EndProjectSection
EndProject
Project("{9A19103F-16F7-4668-BE54-9A1E7A4F7556}") = "FirebaseWrapper", "FirebaseWrapper\FirebaseWrapper.csproj", "{5298817A-10BC-4D68-9947-013D280EE03C}"
EndProject
Project("{8BC9CEB8-8B4A-11D0-8D11-00A0C91BC942}") = "DatabaseTests", "RealtimeDatabaseTests\DatabaseTests.vcxproj", "{4BE699D0-5F3B-4A21-A124-401512DD5B1D}"
EndProject
Project("{8BC9CEB8-8B4A-11D0-8D11-00A0C91BC942}") = "CloudStorage Tests", "CloudStorageTests\CloudStorage.vcxproj", "{F3FB5B72-8C22-43F5-B81D-4C28B6FD12CF}"
EndProject
Project("{9A19103F-16F7-4668-BE54-9A1E7A4F7556}") = "SWGStardustUpdater", "SWGStardustUpdater\SWGStardustUpdater.csproj", "{B8CD1808-24C4-4722-A172-9F052D11FCA9}"
	ProjectSection(ProjectDependencies) = postProject
		{5298817A-10BC-4D68-9947-013D280EE03C} = {5298817A-10BC-4D68-9947-013D280EE03C}
		{7BCED1B9-9EDB-47B6-A480-8203F0A1276B} = {7BCED1B9-9EDB-47B6-A480-8203F0A1276B}
	EndProjectSection
EndProject
Project("{9A19103F-16F7-4668-BE54-9A1E7A4F7556}") = "ZipPackage", "ZipPackage\ZipPackage.csproj", "{EA0CA528-3219-4119-8789-1DE42333E4DA}"
	ProjectSection(ProjectDependencies) = postProject
		{4C04F97D-9742-4888-9333-9FF92DC04459} = {4C04F97D-9742-4888-9333-9FF92DC04459}
	EndProjectSection
EndProject
Global
	GlobalSection(SolutionConfigurationPlatforms) = preSolution
		Debug|Any CPU = Debug|Any CPU
		Debug|x64 = Debug|x64
		Debug|x86 = Debug|x86
		Release|Any CPU = Release|Any CPU
		Release|x64 = Release|x64
		Release|x86 = Release|x86
	EndGlobalSection
	GlobalSection(ProjectConfigurationPlatforms) = postSolution
		{5EDC1EC6-6177-4C6B-82C0-D3F1829CDBE4}.Debug|Any CPU.ActiveCfg = Debug|x64
		{5EDC1EC6-6177-4C6B-82C0-D3F1829CDBE4}.Debug|Any CPU.Build.0 = Debug|x64
		{5EDC1EC6-6177-4C6B-82C0-D3F1829CDBE4}.Debug|x64.ActiveCfg = Debug|x64
		{5EDC1EC6-6177-4C6B-82C0-D3F1829CDBE4}.Debug|x64.Build.0 = Debug|x64
		{5EDC1EC6-6177-4C6B-82C0-D3F1829CDBE4}.Debug|x86.ActiveCfg = Debug|Win32
		{5EDC1EC6-6177-4C6B-82C0-D3F1829CDBE4}.Debug|x86.Build.0 = Debug|Win32
		{5EDC1EC6-6177-4C6B-82C0-D3F1829CDBE4}.Release|Any CPU.ActiveCfg = Release|x64
		{5EDC1EC6-6177-4C6B-82C0-D3F1829CDBE4}.Release|Any CPU.Build.0 = Release|x64
		{5EDC1EC6-6177-4C6B-82C0-D3F1829CDBE4}.Release|x64.ActiveCfg = Release|x64
		{5EDC1EC6-6177-4C6B-82C0-D3F1829CDBE4}.Release|x64.Build.0 = Release|x64
		{5EDC1EC6-6177-4C6B-82C0-D3F1829CDBE4}.Release|x86.ActiveCfg = Release|Win32
		{5EDC1EC6-6177-4C6B-82C0-D3F1829CDBE4}.Release|x86.Build.0 = Release|Win32
		{7BCED1B9-9EDB-47B6-A480-8203F0A1276B}.Debug|Any CPU.ActiveCfg = Debug|x64
		{7BCED1B9-9EDB-47B6-A480-8203F0A1276B}.Debug|Any CPU.Build.0 = Debug|x64
		{7BCED1B9-9EDB-47B6-A480-8203F0A1276B}.Debug|x64.ActiveCfg = Debug|x64
		{7BCED1B9-9EDB-47B6-A480-8203F0A1276B}.Debug|x64.Build.0 = Debug|x64
		{7BCED1B9-9EDB-47B6-A480-8203F0A1276B}.Debug|x86.ActiveCfg = Debug|Win32
		{7BCED1B9-9EDB-47B6-A480-8203F0A1276B}.Debug|x86.Build.0 = Debug|Win32
		{7BCED1B9-9EDB-47B6-A480-8203F0A1276B}.Release|Any CPU.ActiveCfg = Release|x64
		{7BCED1B9-9EDB-47B6-A480-8203F0A1276B}.Release|Any CPU.Build.0 = Release|x64
		{7BCED1B9-9EDB-47B6-A480-8203F0A1276B}.Release|x64.ActiveCfg = Release|x64
		{7BCED1B9-9EDB-47B6-A480-8203F0A1276B}.Release|x64.Build.0 = Release|x64
		{7BCED1B9-9EDB-47B6-A480-8203F0A1276B}.Release|x86.ActiveCfg = Release|Win32
		{7BCED1B9-9EDB-47B6-A480-8203F0A1276B}.Release|x86.Build.0 = Release|Win32
		{4C04F97D-9742-4888-9333-9FF92DC04459}.Debug|Any CPU.ActiveCfg = Debug|Any CPU
		{4C04F97D-9742-4888-9333-9FF92DC04459}.Debug|Any CPU.Build.0 = Debug|Any CPU
		{4C04F97D-9742-4888-9333-9FF92DC04459}.Debug|x64.ActiveCfg = Debug|Any CPU
		{4C04F97D-9742-4888-9333-9FF92DC04459}.Debug|x64.Build.0 = Debug|Any CPU
		{4C04F97D-9742-4888-9333-9FF92DC04459}.Debug|x86.ActiveCfg = Debug|Any CPU
		{4C04F97D-9742-4888-9333-9FF92DC04459}.Debug|x86.Build.0 = Debug|Any CPU
		{4C04F97D-9742-4888-9333-9FF92DC04459}.Release|Any CPU.ActiveCfg = Release|Any CPU
		{4C04F97D-9742-4888-9333-9FF92DC04459}.Release|Any CPU.Build.0 = Release|Any CPU
		{4C04F97D-9742-4888-9333-9FF92DC04459}.Release|x64.ActiveCfg = Release|Any CPU
		{4C04F97D-9742-4888-9333-9FF92DC04459}.Release|x64.Build.0 = Release|Any CPU
		{4C04F97D-9742-4888-9333-9FF92DC04459}.Release|x86.ActiveCfg = Release|Any CPU
		{4C04F97D-9742-4888-9333-9FF92DC04459}.Release|x86.Build.0 = Release|Any CPU
		{5298817A-10BC-4D68-9947-013D280EE03C}.Debug|Any CPU.ActiveCfg = Debug|Any CPU
		{5298817A-10BC-4D68-9947-013D280EE03C}.Debug|Any CPU.Build.0 = Debug|Any CPU
		{5298817A-10BC-4D68-9947-013D280EE03C}.Debug|x64.ActiveCfg = Debug|Any CPU
		{5298817A-10BC-4D68-9947-013D280EE03C}.Debug|x64.Build.0 = Debug|Any CPU
		{5298817A-10BC-4D68-9947-013D280EE03C}.Debug|x86.ActiveCfg = Debug|Any CPU
		{5298817A-10BC-4D68-9947-013D280EE03C}.Debug|x86.Build.0 = Debug|Any CPU
		{5298817A-10BC-4D68-9947-013D280EE03C}.Release|Any CPU.ActiveCfg = Release|Any CPU
		{5298817A-10BC-4D68-9947-013D280EE03C}.Release|Any CPU.Build.0 = Release|Any CPU
		{5298817A-10BC-4D68-9947-013D280EE03C}.Release|x64.ActiveCfg = Release|Any CPU
		{5298817A-10BC-4D68-9947-013D280EE03C}.Release|x64.Build.0 = Release|Any CPU
		{5298817A-10BC-4D68-9947-013D280EE03C}.Release|x86.ActiveCfg = Release|Any CPU
		{5298817A-10BC-4D68-9947-013D280EE03C}.Release|x86.Build.0 = Release|Any CPU
		{4BE699D0-5F3B-4A21-A124-401512DD5B1D}.Debug|Any CPU.ActiveCfg = Debug|x64
		{4BE699D0-5F3B-4A21-A124-401512DD5B1D}.Debug|Any CPU.Build.0 = Debug|x64
		{4BE699D0-5F3B-4A21-A124-401512DD5B1D}.Debug|x64.ActiveCfg = Debug|x64
		{4BE699D0-5F3B-4A21-A124-401512DD5B1D}.Debug|x64.Build.0 = Debug|x64
		{4BE699D0-5F3B-4A21-A124-401512DD5B1D}.Debug|x86.ActiveCfg = Debug|Win32
		{4BE699D0-5F3B-4A21-A124-401512DD5B1D}.Debug|x86.Build.0 = Debug|Win32
		{4BE699D0-5F3B-4A21-A124-401512DD5B1D}.Release|Any CPU.ActiveCfg = Release|x64
		{4BE699D0-5F3B-4A21-A124-401512DD5B1D}.Release|Any CPU.Build.0 = Release|x64
		{4BE699D0-5F3B-4A21-A124-401512DD5B1D}.Release|x64.ActiveCfg = Release|x64
		{4BE699D0-5F3B-4A21-A124-401512DD5B1D}.Release|x64.Build.0 = Release|x64
		{4BE699D0-5F3B-4A21-A124-401512DD5B1D}.Release|x86.ActiveCfg = Release|Win32
		{4BE699D0-5F3B-4A21-A124-401512DD5B1D}.Release|x86.Build.0 = Release|Win32
		{F3FB5B72-8C22-43F5-B81D-4C28B6FD12CF}.Debug|Any CPU.ActiveCfg = Debug|x64
		{F3FB5B72-8C22-43F5-B81D-4C28B6FD12CF}.Debug|Any CPU.Build.0 = Debug|x64
		{F3FB5B72-8C22-43F5-B81D-4C28B6FD12CF}.Debug|x64.ActiveCfg = Debug|x64
		{F3FB5B72-8C22-43F5-B81D-4C28B6FD12CF}.Debug|x64.Build.0 = Debug|x64
		{F3FB5B72-8C22-43F5-B81D-4C28B6FD12CF}.Debug|x86.ActiveCfg = Debug|Win32
		{F3FB5B72-8C22-43F5-B81D-4C28B6FD12CF}.Debug|x86.Build.0 = Debug|Win32
		{F3FB5B72-8C22-43F5-B81D-4C28B6FD12CF}.Release|Any CPU.ActiveCfg = Release|x64
		{F3FB5B72-8C22-43F5-B81D-4C28B6FD12CF}.Release|Any CPU.Build.0 = Release|x64
		{F3FB5B72-8C22-43F5-B81D-4C28B6FD12CF}.Release|x64.ActiveCfg = Release|x64
		{F3FB5B72-8C22-43F5-B81D-4C28B6FD12CF}.Release|x64.Build.0 = Release|x64
		{F3FB5B72-8C22-43F5-B81D-4C28B6FD12CF}.Release|x86.ActiveCfg = Release|Win32
		{F3FB5B72-8C22-43F5-B81D-4C28B6FD12CF}.Release|x86.Build.0 = Release|Win32
		{B8CD1808-24C4-4722-A172-9F052D11FCA9}.Debug|Any CPU.ActiveCfg = Debug|Any CPU
		{B8CD1808-24C4-4722-A172-9F052D11FCA9}.Debug|Any CPU.Build.0 = Debug|Any CPU
		{B8CD1808-24C4-4722-A172-9F052D11FCA9}.Debug|x64.ActiveCfg = Debug|Any CPU
		{B8CD1808-24C4-4722-A172-9F052D11FCA9}.Debug|x64.Build.0 = Debug|Any CPU
		{B8CD1808-24C4-4722-A172-9F052D11FCA9}.Debug|x86.ActiveCfg = Debug|Any CPU
		{B8CD1808-24C4-4722-A172-9F052D11FCA9}.Debug|x86.Build.0 = Debug|Any CPU
		{B8CD1808-24C4-4722-A172-9F052D11FCA9}.Release|Any CPU.ActiveCfg = Release|Any CPU
		{B8CD1808-24C4-4722-A172-9F052D11FCA9}.Release|Any CPU.Build.0 = Release|Any CPU
		{B8CD1808-24C4-4722-A172-9F052D11FCA9}.Release|x64.ActiveCfg = Release|Any CPU
		{B8CD1808-24C4-4722-A172-9F052D11FCA9}.Release|x64.Build.0 = Release|Any CPU
		{B8CD1808-24C4-4722-A172-9F052D11FCA9}.Release|x86.ActiveCfg = Release|Any CPU
		{B8CD1808-24C4-4722-A172-9F052D11FCA9}.Release|x86.Build.0 = Release|Any CPU
		{EA0CA528-3219-4119-8789-1DE42333E4DA}.Debug|Any CPU.ActiveCfg = Debug|Any CPU
		{EA0CA528-3219-4119-8789-1DE42333E4DA}.Debug|Any CPU.Build.0 = Debug|Any CPU
		{EA0CA528-3219-4119-8789-1DE42333E4DA}.Debug|x64.ActiveCfg = Debug|Any CPU
		{EA0CA528-3219-4119-8789-1DE42333E4DA}.Debug|x64.Build.0 = Debug|Any CPU
		{EA0CA528-3219-4119-8789-1DE42333E4DA}.Debug|x86.ActiveCfg = Debug|Any CPU
		{EA0CA528-3219-4119-8789-1DE42333E4DA}.Debug|x86.Build.0 = Debug|Any CPU
		{EA0CA528-3219-4119-8789-1DE42333E4DA}.Release|Any CPU.ActiveCfg = Release|Any CPU
		{EA0CA528-3219-4119-8789-1DE42333E4DA}.Release|Any CPU.Build.0 = Release|Any CPU
		{EA0CA528-3219-4119-8789-1DE42333E4DA}.Release|x64.ActiveCfg = Release|Any CPU
		{EA0CA528-3219-4119-8789-1DE42333E4DA}.Release|x64.Build.0 = Release|Any CPU
		{EA0CA528-3219-4119-8789-1DE42333E4DA}.Release|x86.ActiveCfg = Release|Any CPU
		{EA0CA528-3219-4119-8789-1DE42333E4DA}.Release|x86.Build.0 = Release|Any CPU
	EndGlobalSection
	GlobalSection(SolutionProperties) = preSolution
		HideSolutionNode = FALSE
	EndGlobalSection
	GlobalSection(ExtensibilityGlobals) = postSolution
		SolutionGuid = {FBD03A4E-76BC-473E-8003-F360B552D07C}
	EndGlobalSection
EndGlobal
